
Microsoft Visual Studio Solution File, Format Version 12.00
# Visual Studio 15
VisualStudioVersion = 15.0.26730.16
MinimumVisualStudioVersion = 10.0.40219.1
Project("{9A19103F-16F7-4668-BE54-9A1E7A4F7556}") = "EinfachVerschluesselt", "EinfachVerschluesselt\EinfachVerschluesselt.csproj", "{9DC38780-1B26-4D93-8010-33B46B04D774}"
EndProject
Project("{2150E333-8FDC-42A3-9474-1A3956D46DE8}") = "Beschreibung", "Beschreibung", "{AA6EAFAD-AACB-4CAB-9E9C-91B22BE064AD}"
	ProjectSection(SolutionItems) = preProject
		README.md = README.md
	EndProjectSection
EndProject
Global
	GlobalSection(SolutionConfigurationPlatforms) = preSolution
		Debug|Any CPU = Debug|Any CPU
		Release|Any CPU = Release|Any CPU
	EndGlobalSection
	GlobalSection(ProjectConfigurationPlatforms) = postSolution
		{9DC38780-1B26-4D93-8010-33B46B04D774}.Debug|Any CPU.ActiveCfg = Debug|Any CPU
		{9DC38780-1B26-4D93-8010-33B46B04D774}.Debug|Any CPU.Build.0 = Debug|Any CPU
		{9DC38780-1B26-4D93-8010-33B46B04D774}.Release|Any CPU.ActiveCfg = Release|Any CPU
		{9DC38780-1B26-4D93-8010-33B46B04D774}.Release|Any CPU.Build.0 = Release|Any CPU
	EndGlobalSection
	GlobalSection(SolutionProperties) = preSolution
		HideSolutionNode = FALSE
	EndGlobalSection
	GlobalSection(ExtensibilityGlobals) = postSolution
		SolutionGuid = {7228C661-E296-4FE7-8CAA-0282F0DF4E4A}
	EndGlobalSection
EndGlobal
